
Microsoft Visual Studio Solution File, Format Version 12.00
# Visual Studio Version 17
VisualStudioVersion = 17.0.31912.275
MinimumVisualStudioVersion = 10.0.40219.1
Project("{FAE04EC0-301F-11D3-BF4B-00C04F79EFBC}") = "LinkedListOperation", "LinkedListOperation\LinkedListOperation.csproj", "{D60CC282-8788-48F1-8DDB-B2FA36935330}"
EndProject
Global
	GlobalSection(SolutionConfigurationPlatforms) = preSolution
		Debug|Any CPU = Debug|Any CPU
		Release|Any CPU = Release|Any CPU
	EndGlobalSection
	GlobalSection(ProjectConfigurationPlatforms) = postSolution
		{D60CC282-8788-48F1-8DDB-B2FA36935330}.Debug|Any CPU.ActiveCfg = Debug|Any CPU
		{D60CC282-8788-48F1-8DDB-B2FA36935330}.Debug|Any CPU.Build.0 = Debug|Any CPU
		{D60CC282-8788-48F1-8DDB-B2FA36935330}.Release|Any CPU.ActiveCfg = Release|Any CPU
		{D60CC282-8788-48F1-8DDB-B2FA36935330}.Release|Any CPU.Build.0 = Release|Any CPU
	EndGlobalSection
	GlobalSection(SolutionProperties) = preSolution
		HideSolutionNode = FALSE
	EndGlobalSection
	GlobalSection(ExtensibilityGlobals) = postSolution
		SolutionGuid = {DD5BDD41-9767-433F-B71E-4BC1FA8485C7}
	EndGlobalSection
EndGlobal
